// !$*UTF8*$!
{
	archiveVersion = 1;
	classes = {
	};
	objectVersion = 55;
	objects = {

/* Begin PBXBuildFile section */
		A9A579272851E3A600A599DA /* AppDelegate.swift in Sources */ = {isa = PBXBuildFile; fileRef = A9A579262851E3A600A599DA /* AppDelegate.swift */; };
		A9A579292851E3A600A599DA /* SceneDelegate.swift in Sources */ = {isa = PBXBuildFile; fileRef = A9A579282851E3A600A599DA /* SceneDelegate.swift */; };
		A9A5792E2851E3A600A599DA /* Main.storyboard in Resources */ = {isa = PBXBuildFile; fileRef = A9A5792C2851E3A600A599DA /* Main.storyboard */; };
		A9A579302851E3A900A599DA /* Assets.xcassets in Resources */ = {isa = PBXBuildFile; fileRef = A9A5792F2851E3A900A599DA /* Assets.xcassets */; };
		A9A579332851E3A900A599DA /* LaunchScreen.storyboard in Resources */ = {isa = PBXBuildFile; fileRef = A9A579312851E3A900A599DA /* LaunchScreen.storyboard */; };
		A9A5793B2851E53500A599DA /* MainCollectionViewController.swift in Sources */ = {isa = PBXBuildFile; fileRef = A9A5793A2851E53500A599DA /* MainCollectionViewController.swift */; };
		A9A5793D2851E60000A599DA /* MainCollectionViewCell.swift in Sources */ = {isa = PBXBuildFile; fileRef = A9A5793C2851E60000A599DA /* MainCollectionViewCell.swift */; };
		A9A5793F2851E80600A599DA /* NetworkManager.swift in Sources */ = {isa = PBXBuildFile; fileRef = A9A5793E2851E80600A599DA /* NetworkManager.swift */; };
		A9A9846E285455B2007BBEC5 /* RickAndMortyData.swift in Sources */ = {isa = PBXBuildFile; fileRef = A9A9846D285455B2007BBEC5 /* RickAndMortyData.swift */; };
		DA1CC6D6F77B79AEAADAF217 /* Pods_NetworkApp.framework in Frameworks */ = {isa = PBXBuildFile; fileRef = ACF3D3213F210824C4912F0F /* Pods_NetworkApp.framework */; };
/* End PBXBuildFile section */

/* Begin PBXFileReference section */
		35BCDCC71374B32298425DE0 /* Pods-NetworkApp.release.xcconfig */ = {isa = PBXFileReference; includeInIndex = 1; lastKnownFileType = text.xcconfig; name = "Pods-NetworkApp.release.xcconfig"; path = "Target Support Files/Pods-NetworkApp/Pods-NetworkApp.release.xcconfig"; sourceTree = "<group>"; };
		A9A579232851E3A600A599DA /* NetworkApp.app */ = {isa = PBXFileReference; explicitFileType = wrapper.application; includeInIndex = 0; path = NetworkApp.app; sourceTree = BUILT_PRODUCTS_DIR; };
		A9A579262851E3A600A599DA /* AppDelegate.swift */ = {isa = PBXFileReference; lastKnownFileType = sourcecode.swift; path = AppDelegate.swift; sourceTree = "<group>"; };
		A9A579282851E3A600A599DA /* SceneDelegate.swift */ = {isa = PBXFileReference; lastKnownFileType = sourcecode.swift; path = SceneDelegate.swift; sourceTree = "<group>"; };
		A9A5792D2851E3A600A599DA /* Base */ = {isa = PBXFileReference; lastKnownFileType = file.storyboard; name = Base; path = Base.lproj/Main.storyboard; sourceTree = "<group>"; };
		A9A5792F2851E3A900A599DA /* Assets.xcassets */ = {isa = PBXFileReference; lastKnownFileType = folder.assetcatalog; path = Assets.xcassets; sourceTree = "<group>"; };
		A9A579322851E3A900A599DA /* Base */ = {isa = PBXFileReference; lastKnownFileType = file.storyboard; name = Base; path = Base.lproj/LaunchScreen.storyboard; sourceTree = "<group>"; };
		A9A579342851E3A900A599DA /* Info.plist */ = {isa = PBXFileReference; lastKnownFileType = text.plist.xml; path = Info.plist; sourceTree = "<group>"; };
		A9A5793A2851E53500A599DA /* MainCollectionViewController.swift */ = {isa = PBXFileReference; lastKnownFileType = sourcecode.swift; path = MainCollectionViewController.swift; sourceTree = "<group>"; };
		A9A5793C2851E60000A599DA /* MainCollectionViewCell.swift */ = {isa = PBXFileReference; lastKnownFileType = sourcecode.swift; path = MainCollectionViewCell.swift; sourceTree = "<group>"; };
		A9A5793E2851E80600A599DA /* NetworkManager.swift */ = {isa = PBXFileReference; lastKnownFileType = sourcecode.swift; path = NetworkManager.swift; sourceTree = "<group>"; };
		A9A9846D285455B2007BBEC5 /* RickAndMortyData.swift */ = {isa = PBXFileReference; lastKnownFileType = sourcecode.swift; path = RickAndMortyData.swift; sourceTree = "<group>"; };
		ACF3D3213F210824C4912F0F /* Pods_NetworkApp.framework */ = {isa = PBXFileReference; explicitFileType = wrapper.framework; includeInIndex = 0; path = Pods_NetworkApp.framework; sourceTree = BUILT_PRODUCTS_DIR; };
		D66EAE9DEA7C5163FBE95327 /* Pods-NetworkApp.debug.xcconfig */ = {isa = PBXFileReference; includeInIndex = 1; lastKnownFileType = text.xcconfig; name = "Pods-NetworkApp.debug.xcconfig"; path = "Target Support Files/Pods-NetworkApp/Pods-NetworkApp.debug.xcconfig"; sourceTree = "<group>"; };
/* End PBXFileReference section */

/* Begin PBXFrameworksBuildPhase section */
		A9A579202851E3A600A599DA /* Frameworks */ = {
			isa = PBXFrameworksBuildPhase;
			buildActionMask = 2147483647;
			files = (
				DA1CC6D6F77B79AEAADAF217 /* Pods_NetworkApp.framework in Frameworks */,
			);
			runOnlyForDeploymentPostprocessing = 0;
		};
/* End PBXFrameworksBuildPhase section */

/* Begin PBXGroup section */
		4EC011A3A9FA52CD26F8D6B6 /* Frameworks */ = {
			isa = PBXGroup;
			children = (
				ACF3D3213F210824C4912F0F /* Pods_NetworkApp.framework */,
			);
			name = Frameworks;
			sourceTree = "<group>";
		};
		A9A5791A2851E3A600A599DA = {
			isa = PBXGroup;
			children = (
				A9A579252851E3A600A599DA /* NetworkApp */,
				A9A579242851E3A600A599DA /* Products */,
				F39E4006FCF1F41A538656C0 /* Pods */,
				4EC011A3A9FA52CD26F8D6B6 /* Frameworks */,
			);
			sourceTree = "<group>";
		};
		A9A579242851E3A600A599DA /* Products */ = {
			isa = PBXGroup;
			children = (
				A9A579232851E3A600A599DA /* NetworkApp.app */,
			);
			name = Products;
			sourceTree = "<group>";
		};
		A9A579252851E3A600A599DA /* NetworkApp */ = {
			isa = PBXGroup;
			children = (
				A9A579262851E3A600A599DA /* AppDelegate.swift */,
				A9A579282851E3A600A599DA /* SceneDelegate.swift */,
				A9A5792C2851E3A600A599DA /* Main.storyboard */,
				A9A5792F2851E3A900A599DA /* Assets.xcassets */,
				A9A579312851E3A900A599DA /* LaunchScreen.storyboard */,
				A9A579342851E3A900A599DA /* Info.plist */,
				A9A5793A2851E53500A599DA /* MainCollectionViewController.swift */,
				A9A5793C2851E60000A599DA /* MainCollectionViewCell.swift */,
				A9A5793E2851E80600A599DA /* NetworkManager.swift */,
				A9A9846D285455B2007BBEC5 /* RickAndMortyData.swift */,
			);
			path = NetworkApp;
			sourceTree = "<group>";
		};
		F39E4006FCF1F41A538656C0 /* Pods */ = {
			isa = PBXGroup;
			children = (
				D66EAE9DEA7C5163FBE95327 /* Pods-NetworkApp.debug.xcconfig */,
				35BCDCC71374B32298425DE0 /* Pods-NetworkApp.release.xcconfig */,
			);
			path = Pods;
			sourceTree = "<group>";
		};
/* End PBXGroup section */

/* Begin PBXNativeTarget section */
		A9A579222851E3A600A599DA /* NetworkApp */ = {
			isa = PBXNativeTarget;
			buildConfigurationList = A9A579372851E3A900A599DA /* Build configuration list for PBXNativeTarget "NetworkApp" */;
			buildPhases = (
				1AEBFEF6E53C72F97C894437 /* [CP] Check Pods Manifest.lock */,
				A9A5791F2851E3A600A599DA /* Sources */,
				A9A579202851E3A600A599DA /* Frameworks */,
				A9A579212851E3A600A599DA /* Resources */,
				FCEF0A7CA8BDD87274D0E9FF /* [CP] Embed Pods Frameworks */,
			);
			buildRules = (
			);
			dependencies = (
			);
			name = NetworkApp;
			productName = NetworkApp;
			productReference = A9A579232851E3A600A599DA /* NetworkApp.app */;
			productType = "com.apple.product-type.application";
		};
/* End PBXNativeTarget section */

/* Begin PBXProject section */
		A9A5791B2851E3A600A599DA /* Project object */ = {
			isa = PBXProject;
			attributes = {
				BuildIndependentTargetsInParallel = 1;
				LastSwiftUpdateCheck = 1310;
				LastUpgradeCheck = 1310;
				TargetAttributes = {
					A9A579222851E3A600A599DA = {
						CreatedOnToolsVersion = 13.1;
					};
				};
			};
			buildConfigurationList = A9A5791E2851E3A600A599DA /* Build configuration list for PBXProject "NetworkApp" */;
			compatibilityVersion = "Xcode 13.0";
			developmentRegion = en;
			hasScannedForEncodings = 0;
			knownRegions = (
				en,
				Base,
			);
			mainGroup = A9A5791A2851E3A600A599DA;
			productRefGroup = A9A579242851E3A600A599DA /* Products */;
			projectDirPath = "";
			projectRoot = "";
			targets = (
				A9A579222851E3A600A599DA /* NetworkApp */,
			);
		};
/* End PBXProject section */

/* Begin PBXResourcesBuildPhase section */
		A9A579212851E3A600A599DA /* Resources */ = {
			isa = PBXResourcesBuildPhase;
			buildActionMask = 2147483647;
			files = (
				A9A579332851E3A900A599DA /* LaunchScreen.storyboard in Resources */,
				A9A579302851E3A900A599DA /* Assets.xcassets in Resources */,
				A9A5792E2851E3A600A599DA /* Main.storyboard in Resources */,
			);
			runOnlyForDeploymentPostprocessing = 0;
		};
/* End PBXResourcesBuildPhase section */

/* Begin PBXShellScriptBuildPhase section */
		1AEBFEF6E53C72F97C894437 /* [CP] Check Pods Manifest.lock */ = {
			isa = PBXShellScriptBuildPhase;
			buildActionMask = 2147483647;
			files = (
			);
			inputFileListPaths = (
			);
			inputPaths = (
				"${PODS_PODFILE_DIR_PATH}/Podfile.lock",
				"${PODS_ROOT}/Manifest.lock",
			);
			name = "[CP] Check Pods Manifest.lock";
			outputFileListPaths = (
			);
			outputPaths = (
				"$(DERIVED_FILE_DIR)/Pods-NetworkApp-checkManifestLockResult.txt",
			);
			runOnlyForDeploymentPostprocessing = 0;
			shellPath = /bin/sh;
			shellScript = "diff \"${PODS_PODFILE_DIR_PATH}/Podfile.lock\" \"${PODS_ROOT}/Manifest.lock\" > /dev/null\nif [ $? != 0 ] ; then\n    # print error to STDERR\n    echo \"error: The sandbox is not in sync with the Podfile.lock. Run 'pod install' or update your CocoaPods installation.\" >&2\n    exit 1\nfi\n# This output is used by Xcode 'outputs' to avoid re-running this script phase.\necho \"SUCCESS\" > \"${SCRIPT_OUTPUT_FILE_0}\"\n";
			showEnvVarsInLog = 0;
		};
		FCEF0A7CA8BDD87274D0E9FF /* [CP] Embed Pods Frameworks */ = {
			isa = PBXShellScriptBuildPhase;
			buildActionMask = 2147483647;
			files = (
			);
			inputFileListPaths = (
				"${PODS_ROOT}/Target Support Files/Pods-NetworkApp/Pods-NetworkApp-frameworks-${CONFIGURATION}-input-files.xcfilelist",
			);
			name = "[CP] Embed Pods Frameworks";
			outputFileListPaths = (
				"${PODS_ROOT}/Target Support Files/Pods-NetworkApp/Pods-NetworkApp-frameworks-${CONFIGURATION}-output-files.xcfilelist",
			);
			runOnlyForDeploymentPostprocessing = 0;
			shellPath = /bin/sh;
			shellScript = "\"${PODS_ROOT}/Target Support Files/Pods-NetworkApp/Pods-NetworkApp-frameworks.sh\"\n";
			showEnvVarsInLog = 0;
		};
/* End PBXShellScriptBuildPhase section */

/* Begin PBXSourcesBuildPhase section */
		A9A5791F2851E3A600A599DA /* Sources */ = {
			isa = PBXSourcesBuildPhase;
			buildActionMask = 2147483647;
			files = (
				A9A9846E285455B2007BBEC5 /* RickAndMortyData.swift in Sources */,
				A9A579272851E3A600A599DA /* AppDelegate.swift in Sources */,
				A9A5793B2851E53500A599DA /* MainCollectionViewController.swift in Sources */,
				A9A5793F2851E80600A599DA /* NetworkManager.swift in Sources */,
				A9A579292851E3A600A599DA /* SceneDelegate.swift in Sources */,
				A9A5793D2851E60000A599DA /* MainCollectionViewCell.swift in Sources */,
			);
			runOnlyForDeploymentPostprocessing = 0;
		};
/* End PBXSourcesBuildPhase section */

/* Begin PBXVariantGroup section */
		A9A5792C2851E3A600A599DA /* Main.storyboard */ = {
			isa = PBXVariantGroup;
			children = (
				A9A5792D2851E3A600A599DA /* Base */,
			);
			name = Main.storyboard;
			sourceTree = "<group>";
		};
		A9A579312851E3A900A599DA /* LaunchScreen.storyboard */ = {
			isa = PBXVariantGroup;
			children = (
				A9A579322851E3A900A599DA /* Base */,
			);
			name = LaunchScreen.storyboard;
			sourceTree = "<group>";
		};
/* End PBXVariantGroup section */

/* Begin XCBuildConfiguration section */
		A9A579352851E3A900A599DA /* Debug */ = {
			isa = XCBuildConfiguration;
			buildSettings = {
				ALWAYS_SEARCH_USER_PATHS = NO;
				CLANG_ANALYZER_NONNULL = YES;
				CLANG_ANALYZER_NUMBER_OBJECT_CONVERSION = YES_AGGRESSIVE;
				CLANG_CXX_LANGUAGE_STANDARD = "gnu++17";
				CLANG_CXX_LIBRARY = "libc++";
				CLANG_ENABLE_MODULES = YES;
				CLANG_ENABLE_OBJC_ARC = YES;
				CLANG_ENABLE_OBJC_WEAK = YES;
				CLANG_WARN_BLOCK_CAPTURE_AUTORELEASING = YES;
				CLANG_WARN_BOOL_CONVERSION = YES;
				CLANG_WARN_COMMA = YES;
				CLANG_WARN_CONSTANT_CONVERSION = YES;
				CLANG_WARN_DEPRECATED_OBJC_IMPLEMENTATIONS = YES;
				CLANG_WARN_DIRECT_OBJC_ISA_USAGE = YES_ERROR;
				CLANG_WARN_DOCUMENTATION_COMMENTS = YES;
				CLANG_WARN_EMPTY_BODY = YES;
				CLANG_WARN_ENUM_CONVERSION = YES;
				CLANG_WARN_INFINITE_RECURSION = YES;
				CLANG_WARN_INT_CONVERSION = YES;
				CLANG_WARN_NON_LITERAL_NULL_CONVERSION = YES;
				CLANG_WARN_OBJC_IMPLICIT_RETAIN_SELF = YES;
				CLANG_WARN_OBJC_LITERAL_CONVERSION = YES;
				CLANG_WARN_OBJC_ROOT_CLASS = YES_ERROR;
				CLANG_WARN_QUOTED_INCLUDE_IN_FRAMEWORK_HEADER = YES;
				CLANG_WARN_RANGE_LOOP_ANALYSIS = YES;
				CLANG_WARN_STRICT_PROTOTYPES = YES;
				CLANG_WARN_SUSPICIOUS_MOVE = YES;
				CLANG_WARN_UNGUARDED_AVAILABILITY = YES_AGGRESSIVE;
				CLANG_WARN_UNREACHABLE_CODE = YES;
				CLANG_WARN__DUPLICATE_METHOD_MATCH = YES;
				COPY_PHASE_STRIP = NO;
				DEBUG_INFORMATION_FORMAT = dwarf;
				ENABLE_STRICT_OBJC_MSGSEND = YES;
				ENABLE_TESTABILITY = YES;
				GCC_C_LANGUAGE_STANDARD = gnu11;
				GCC_DYNAMIC_NO_PIC = NO;
				GCC_NO_COMMON_BLOCKS = YES;
				GCC_OPTIMIZATION_LEVEL = 0;
				GCC_PREPROCESSOR_DEFINITIONS = (
					"DEBUG=1",
					"$(inherited)",
				);
				GCC_WARN_64_TO_32_BIT_CONVERSION = YES;
				GCC_WARN_ABOUT_RETURN_TYPE = YES_ERROR;
				GCC_WARN_UNDECLARED_SELECTOR = YES;
				GCC_WARN_UNINITIALIZED_AUTOS = YES_AGGRESSIVE;
				GCC_WARN_UNUSED_FUNCTION = YES;
				GCC_WARN_UNUSED_VARIABLE = YES;
				IPHONEOS_DEPLOYMENT_TARGET = 15.0;
				MTL_ENABLE_DEBUG_INFO = INCLUDE_SOURCE;
				MTL_FAST_MATH = YES;
				ONLY_ACTIVE_ARCH = YES;
				SDKROOT = iphoneos;
				SWIFT_ACTIVE_COMPILATION_CONDITIONS = DEBUG;
				SWIFT_OPTIMIZATION_LEVEL = "-Onone";
			};
			name = Debug;
		};
		A9A579362851E3A900A599DA /* Release */ = {
			isa = XCBuildConfiguration;
			buildSettings = {
				ALWAYS_SEARCH_USER_PATHS = NO;
				CLANG_ANALYZER_NONNULL = YES;
				CLANG_ANALYZER_NUMBER_OBJECT_CONVERSION = YES_AGGRESSIVE;
				CLANG_CXX_LANGUAGE_STANDARD = "gnu++17";
				CLANG_CXX_LIBRARY = "libc++";
				CLANG_ENABLE_MODULES = YES;
				CLANG_ENABLE_OBJC_ARC = YES;
				CLANG_ENABLE_OBJC_WEAK = YES;
				CLANG_WARN_BLOCK_CAPTURE_AUTORELEASING = YES;
				CLANG_WARN_BOOL_CONVERSION = YES;
				CLANG_WARN_COMMA = YES;
				CLANG_WARN_CONSTANT_CONVERSION = YES;
				CLANG_WARN_DEPRECATED_OBJC_IMPLEMENTATIONS = YES;
				CLANG_WARN_DIRECT_OBJC_ISA_USAGE = YES_ERROR;
				CLANG_WARN_DOCUMENTATION_COMMENTS = YES;
				CLANG_WARN_EMPTY_BODY = YES;
				CLANG_WARN_ENUM_CONVERSION = YES;
				CLANG_WARN_INFINITE_RECURSION = YES;
				CLANG_WARN_INT_CONVERSION = YES;
				CLANG_WARN_NON_LITERAL_NULL_CONVERSION = YES;
				CLANG_WARN_OBJC_IMPLICIT_RETAIN_SELF = YES;
				CLANG_WARN_OBJC_LITERAL_CONVERSION = YES;
				CLANG_WARN_OBJC_ROOT_CLASS = YES_ERROR;
				CLANG_WARN_QUOTED_INCLUDE_IN_FRAMEWORK_HEADER = YES;
				CLANG_WARN_RANGE_LOOP_ANALYSIS = YES;
				CLANG_WARN_STRICT_PROTOTYPES = YES;
				CLANG_WARN_SUSPICIOUS_MOVE = YES;
				CLANG_WARN_UNGUARDED_AVAILABILITY = YES_AGGRESSIVE;
				CLANG_WARN_UNREACHABLE_CODE = YES;
				CLANG_WARN__DUPLICATE_METHOD_MATCH = YES;
				COPY_PHASE_STRIP = NO;
				DEBUG_INFORMATION_FORMAT = "dwarf-with-dsym";
				ENABLE_NS_ASSERTIONS = NO;
				ENABLE_STRICT_OBJC_MSGSEND = YES;
				GCC_C_LANGUAGE_STANDARD = gnu11;
				GCC_NO_COMMON_BLOCKS = YES;
				GCC_WARN_64_TO_32_BIT_CONVERSION = YES;
				GCC_WARN_ABOUT_RETURN_TYPE = YES_ERROR;
				GCC_WARN_UNDECLARED_SELECTOR = YES;
				GCC_WARN_UNINITIALIZED_AUTOS = YES_AGGRESSIVE;
				GCC_WARN_UNUSED_FUNCTION = YES;
				GCC_WARN_UNUSED_VARIABLE = YES;
				IPHONEOS_DEPLOYMENT_TARGET = 15.0;
				MTL_ENABLE_DEBUG_INFO = NO;
				MTL_FAST_MATH = YES;
				SDKROOT = iphoneos;
				SWIFT_COMPILATION_MODE = wholemodule;
				SWIFT_OPTIMIZATION_LEVEL = "-O";
				VALIDATE_PRODUCT = YES;
			};
			name = Release;
		};
		A9A579382851E3A900A599DA /* Debug */ = {
			isa = XCBuildConfiguration;
			baseConfigurationReference = D66EAE9DEA7C5163FBE95327 /* Pods-NetworkApp.debug.xcconfig */;
			buildSettings = {
				ASSETCATALOG_COMPILER_APPICON_NAME = AppIcon;
				ASSETCATALOG_COMPILER_GLOBAL_ACCENT_COLOR_NAME = AccentColor;
				CODE_SIGN_STYLE = Automatic;
				CURRENT_PROJECT_VERSION = 1;
				DEVELOPMENT_TEAM = W9HG2VGZDV;
				GENERATE_INFOPLIST_FILE = YES;
				INFOPLIST_FILE = NetworkApp/Info.plist;
				INFOPLIST_KEY_UIApplicationSupportsIndirectInputEvents = YES;
				INFOPLIST_KEY_UILaunchStoryboardName = LaunchScreen;
				INFOPLIST_KEY_UIMainStoryboardFile = Main;
				INFOPLIST_KEY_UISupportedInterfaceOrientations_iPad = "UIInterfaceOrientationPortrait UIInterfaceOrientationPortraitUpsideDown UIInterfaceOrientationLandscapeLeft UIInterfaceOrientationLandscapeRight";
				INFOPLIST_KEY_UISupportedInterfaceOrientations_iPhone = "UIInterfaceOrientationPortrait UIInterfaceOrientationLandscapeLeft UIInterfaceOrientationLandscapeRight";
				LD_RUNPATH_SEARCH_PATHS = (
					"$(inherited)",
					"@executable_path/Frameworks",
				);
				MARKETING_VERSION = 1.0;
				PRODUCT_BUNDLE_IDENTIFIER = AlexanderBaranchuk.NetworkApp;
				PRODUCT_NAME = "$(TARGET_NAME)";
				SWIFT_EMIT_LOC_STRINGS = YES;
				SWIFT_VERSION = 5.0;
				TARGETED_DEVICE_FAMILY = 1;
			};
			name = Debug;
		};
		A9A579392851E3A900A599DA /* Release */ = {
			isa = XCBuildConfiguration;
			baseConfigurationReference = 35BCDCC71374B32298425DE0 /* Pods-NetworkApp.release.xcconfig */;
			buildSettings = {
				ASSETCATALOG_COMPILER_APPICON_NAME = AppIcon;
				ASSETCATALOG_COMPILER_GLOBAL_ACCENT_COLOR_NAME = AccentColor;
				CODE_SIGN_STYLE = Automatic;
				CURRENT_PROJECT_VERSION = 1;
				DEVELOPMENT_TEAM = W9HG2VGZDV;
				GENERATE_INFOPLIST_FILE = YES;
				INFOPLIST_FILE = NetworkApp/Info.plist;
				INFOPLIST_KEY_UIApplicationSupportsIndirectInputEvents = YES;
				INFOPLIST_KEY_UILaunchStoryboardName = LaunchScreen;
				INFOPLIST_KEY_UIMainStoryboardFile = Main;
				INFOPLIST_KEY_UISupportedInterfaceOrientations_iPad = "UIInterfaceOrientationPortrait UIInterfaceOrientationPortraitUpsideDown UIInterfaceOrientationLandscapeLeft UIInterfaceOrientationLandscapeRight";
				INFOPLIST_KEY_UISupportedInterfaceOrientations_iPhone = "UIInterfaceOrientationPortrait UIInterfaceOrientationLandscapeLeft UIInterfaceOrientationLandscapeRight";
				LD_RUNPATH_SEARCH_PATHS = (
					"$(inherited)",
					"@executable_path/Frameworks",
				);
				MARKETING_VERSION = 1.0;
				PRODUCT_BUNDLE_IDENTIFIER = AlexanderBaranchuk.NetworkApp;
				PRODUCT_NAME = "$(TARGET_NAME)";
				SWIFT_EMIT_LOC_STRINGS = YES;
				SWIFT_VERSION = 5.0;
				TARGETED_DEVICE_FAMILY = 1;
			};
			name = Release;
		};
/* End XCBuildConfiguration section */

/* Begin XCConfigurationList section */
		A9A5791E2851E3A600A599DA /* Build configuration list for PBXProject "NetworkApp" */ = {
			isa = XCConfigurationList;
			buildConfigurations = (
				A9A579352851E3A900A599DA /* Debug */,
				A9A579362851E3A900A599DA /* Release */,
			);
			defaultConfigurationIsVisible = 0;
			defaultConfigurationName = Release;
		};
		A9A579372851E3A900A599DA /* Build configuration list for PBXNativeTarget "NetworkApp" */ = {
			isa = XCConfigurationList;
			buildConfigurations = (
				A9A579382851E3A900A599DA /* Debug */,
				A9A579392851E3A900A599DA /* Release */,
			);
			defaultConfigurationIsVisible = 0;
			defaultConfigurationName = Release;
		};
/* End XCConfigurationList section */
	};
	rootObject = A9A5791B2851E3A600A599DA /* Project object */;
}
